
Microsoft Visual Studio Solution File, Format Version 12.00
# Visual Studio Version 17
VisualStudioVersion = 17.10.35013.160
MinimumVisualStudioVersion = 10.0.40219.1
Project("{FAE04EC0-301F-11D3-BF4B-00C04F79EFBC}") = "Video Game Scraper", "Video Game Scraper\Video Game Scraper.csproj", "{9C13A1B6-A37C-495E-A244-9BE03D63601E}"
EndProject
Global
	GlobalSection(SolutionConfigurationPlatforms) = preSolution
		Debug|Any CPU = Debug|Any CPU
		Release|Any CPU = Release|Any CPU
	EndGlobalSection
	GlobalSection(ProjectConfigurationPlatforms) = postSolution
		{9C13A1B6-A37C-495E-A244-9BE03D63601E}.Debug|Any CPU.ActiveCfg = Debug|Any CPU
		{9C13A1B6-A37C-495E-A244-9BE03D63601E}.Debug|Any CPU.Build.0 = Debug|Any CPU
		{9C13A1B6-A37C-495E-A244-9BE03D63601E}.Release|Any CPU.ActiveCfg = Release|Any CPU
		{9C13A1B6-A37C-495E-A244-9BE03D63601E}.Release|Any CPU.Build.0 = Release|Any CPU
	EndGlobalSection
	GlobalSection(SolutionProperties) = preSolution
		HideSolutionNode = FALSE
	EndGlobalSection
	GlobalSection(ExtensibilityGlobals) = postSolution
		SolutionGuid = {5F23D1A4-A84D-4693-81E6-A89E77D937FC}
	EndGlobalSection
EndGlobal
